{
  "version": 4,
  "terraform_version": "1.11.0",
  "serial": 11,
  "lineage": "5a156c66-3fd8-36f4-76ce-15a0f0cc4975",
  "outputs": {},
  "resources": [
    {
      "mode": "managed",
      "type": "render_postgres",
      "name": "primes-service-database",
      "provider": "provider[\"registry.terraform.io/render-oss/render\"]",
      "instances": [
        {
          "schema_version": 0,
          "attributes": {
            "connection_info": {
              "external_connection_string": "postgresql://fred:dGBj4pk4ZRNHhDssGHo3qA7ef0wQyG5A@dpg-cv0ea2ij1k6c738g80j0-a.ohio-postgres.render.com:5432/primes_4bvy",
              "internal_connection_string": "postgresql://fred:dGBj4pk4ZRNHhDssGHo3qA7ef0wQyG5A@dpg-cv0ea2ij1k6c738g80j0-a/primes_4bvy",
              "password": "dGBj4pk4ZRNHhDssGHo3qA7ef0wQyG5A",
              "psql_command": "PGPASSWORD=dGBj4pk4ZRNHhDssGHo3qA7ef0wQyG5A psql -h dpg-cv0ea2ij1k6c738g80j0-a.ohio-postgres.render.com -p 5432 -U fred primes_4bvy"
            },
            "database_name": "primes",
            "database_user": "fred",
            "datadog_api_key": null,
            "environment_id": "evm-cv0ea2aj1k6c738g80i0",
            "high_availability_enabled": false,
            "id": "dpg-cv0ea2ij1k6c738g80j0-a",
            "ip_allow_list": [],
            "log_stream_override": null,
            "name": "primes-service-database",
            "plan": "free",
            "primary_postgres_id": null,
            "read_replicas": null,
            "region": "ohio",
            "role": "primary",
            "version": "16"
          },
          "sensitive_attributes": [
            [
              {
                "type": "get_attr",
                "value": "datadog_api_key"
              }
            ],
            [
              {
                "type": "get_attr",
                "value": "connection_info"
              }
            ],
            [
              {
                "type": "get_attr",
                "value": "connection_info"
              },
              {
                "type": "get_attr",
                "value": "external_connection_string"
              }
            ],
            [
              {
                "type": "get_attr",
                "value": "connection_info"
              },
              {
                "type": "get_attr",
                "value": "internal_connection_string"
              }
            ],
            [
              {
                "type": "get_attr",
                "value": "connection_info"
              },
              {
                "type": "get_attr",
                "value": "password"
              }
            ],
            [
              {
                "type": "get_attr",
                "value": "connection_info"
              },
              {
                "type": "get_attr",
                "value": "psql_command"
              }
            ]
          ],
          "dependencies": [
            "render_project.p566"
          ]
        }
      ]
    },
    {
      "mode": "managed",
      "type": "render_project",
      "name": "p566",
      "provider": "provider[\"registry.terraform.io/render-oss/render\"]",
      "instances": [
        {
          "schema_version": 0,
          "attributes": {
            "environments": {
              "development": {
                "id": "evm-cv0ea2aj1k6c738g80i0",
                "name": "development",
                "protected_status": "unprotected"
              },
              "staging": {
                "id": "evm-cv0ea2aj1k6c738g80hg",
                "name": "staging",
                "protected_status": "protected"
              }
            },
            "id": "prj-cv0ea2aj1k6c738g80h0",
            "name": "P566 - Spring 2025"
          },
          "sensitive_attributes": []
        }
      ]
    }
  ],
  "check_results": null
}
